<?xml version="1.0" encoding="utf-8"?>
<Project ToolsVersion="4.0" xmlns="http://schemas.microsoft.com/developer/msbuild/2003">
  <ItemGroup>
    <Filter Include="Library">
      <UniqueIdentifier>{d5173dcf-2786-4f98-bd55-d03549637dfe}</UniqueIdentifier>
    </Filter>
    <Filter Include="Src">
      <UniqueIdentifier>{80d0a5a9-6779-4863-bede-cc22a4986dc5}</UniqueIdentifier>
    </Filter>
    <Filter Include="Src\System">
      <UniqueIdentifier>{f5928314-3ee2-4e39-abfa-d93aa9ee5891}</UniqueIdentifier>
    </Filter>
    <Filter Include="Src\System\Direct3D">
      <UniqueIdentifier>{f193abd5-e51c-466e-a937-722bc9175e9a}</UniqueIdentifier>
    </Filter>
    <Filter Include="Src\System\Utility">
      <UniqueIdentifier>{f5d733b1-5031-4659-a9d4-0dd3add1e5fb}</UniqueIdentifier>
    </Filter>
    <Filter Include="Src\System\Window">
      <UniqueIdentifier>{cb022f2a-c5a2-449b-9b70-5110aff8550f}</UniqueIdentifier>
    </Filter>
    <Filter Include="Library\imgui">
      <UniqueIdentifier>{85e2ada7-3d34-4892-b70a-8b9a433f7438}</UniqueIdentifier>
    </Filter>
    <Filter Include="Library\tinygltf">
      <UniqueIdentifier>{307bfbcd-124f-4ad7-85f5-3fd94f814b1f}</UniqueIdentifier>
    </Filter>
    <Filter Include="Src\System\Shader">
      <UniqueIdentifier>{93543c0c-58fe-4a94-8279-7be3021b65b1}</UniqueIdentifier>
    </Filter>
    <Filter Include="Src\System\Shader\EffectShader">
      <UniqueIdentifier>{3ed945a9-befa-4db2-b780-7714e82626ed}</UniqueIdentifier>
    </Filter>
    <Filter Include="Src\System\Shader\SpriteShader">
      <UniqueIdentifier>{2da4d471-f4e8-4b2d-bdef-b93f91523b8b}</UniqueIdentifier>
    </Filter>
    <Filter Include="Src\System\Shader\StandardShader">
      <UniqueIdentifier>{0a93a6dd-bb60-46dc-820f-6aea10b3b02f}</UniqueIdentifier>
    </Filter>
    <Filter Include="Src\Application">
      <UniqueIdentifier>{d0d0f9cf-dabd-4346-bc9a-d9c04cf42372}</UniqueIdentifier>
    </Filter>
    <Filter Include="Src\System\Audio">
      <UniqueIdentifier>{667d1cb1-5ae5-476f-acd5-14b7d294a95a}</UniqueIdentifier>
    </Filter>
    <Filter Include="Src\Application\main">
      <UniqueIdentifier>{181680d0-7d4c-455b-aeec-de5440369e5b}</UniqueIdentifier>
    </Filter>
    <Filter Include="Src\Application\Scene">
      <UniqueIdentifier>{ee30b3f7-b4bf-4a08-ac10-1011764eb5f5}</UniqueIdentifier>
    </Filter>
    <Filter Include="Src\Application\SceneBase">
      <UniqueIdentifier>{8d3f8dc0-2582-409c-94b9-9a90b494ab40}</UniqueIdentifier>
    </Filter>
    <Filter Include="Src\Application\SceneBase\BattleScene">
      <UniqueIdentifier>{5e3701e0-3307-4fec-ade3-2e3247614c14}</UniqueIdentifier>
    </Filter>
    <Filter Include="Src\Application\UniqueLibrary">
      <UniqueIdentifier>{ef4e11d3-7f5c-415a-a148-a546381fad31}</UniqueIdentifier>
    </Filter>
    <Filter Include="Src\Application\TextureManager">
      <UniqueIdentifier>{d3fc309b-836b-4137-80cb-2bf877d850d5}</UniqueIdentifier>
    </Filter>
    <Filter Include="Src\Application\BattleProcess">
      <UniqueIdentifier>{0013f312-3584-4f8d-8b65-6ca2d9df530d}</UniqueIdentifier>
    </Filter>
    <Filter Include="Src\Application\BattleProcess\ReflectorProcess">
      <UniqueIdentifier>{2b70fc28-6677-43a9-927c-415827ea8c9c}</UniqueIdentifier>
    </Filter>
    <Filter Include="Src\Application\EffectManager">
      <UniqueIdentifier>{bb6a65c3-496a-4d5a-b121-5e3b13fa5c54}</UniqueIdentifier>
    </Filter>
    <Filter Include="Src\Application\Manumal">
      <UniqueIdentifier>{fd002c55-f26d-4976-adc9-3a09f41303cd}</UniqueIdentifier>
    </Filter>
    <Filter Include="Src\Application\Manumal\ManumalData">
      <UniqueIdentifier>{cb461164-21ca-43d8-a144-08b70dd05253}</UniqueIdentifier>
    </Filter>
    <Filter Include="Src\Application\Manumal\ManumalData\Morumon">
      <UniqueIdentifier>{37d42cc4-2679-482b-8ce9-cf06d71cf7c1}</UniqueIdentifier>
    </Filter>
    <Filter Include="Src\Application\MouseProcess">
      <UniqueIdentifier>{56d41540-2be6-4c33-a976-039400df4d70}</UniqueIdentifier>
    </Filter>
    <Filter Include="Src\Application\BattleProcess\FirstShotProcess">
      <UniqueIdentifier>{a5e7ea05-c475-4de0-bc04-a4e05040d3f6}</UniqueIdentifier>
    </Filter>
    <Filter Include="Src\Application\BattleProcess\HitManumalReflectorProcess">
      <UniqueIdentifier>{fef2d8d9-586c-4630-85cf-0823a9f351cd}</UniqueIdentifier>
    </Filter>
    <Filter Include="Src\Application\BattleProcess\HitManumalwallProcess">
      <UniqueIdentifier>{c3f2c7f6-27ab-46ee-8cc1-74d262105fcd}</UniqueIdentifier>
    </Filter>
    <Filter Include="Src\Application\BattleProcess\ManumalMutualCollision">
      <UniqueIdentifier>{35ca5353-fbad-4202-bb13-409dc3a937b1}</UniqueIdentifier>
    </Filter>
    <Filter Include="Src\Application\BattleProcess\ManumalEnemyCollison">
      <UniqueIdentifier>{fad43d8a-1c4f-42b9-b0aa-7ec2f4c93098}</UniqueIdentifier>
    </Filter>
    <Filter Include="Src\Application\BattleProcess\DrawProcess">
      <UniqueIdentifier>{4cc9fd8c-f129-4845-ada0-dfe76acb2f01}</UniqueIdentifier>
    </Filter>
    <Filter Include="Src\Application\BattleProcess\DrawProcess\StageData">
      <UniqueIdentifier>{58225bf6-7651-4a94-9e3e-ae15c71044a6}</UniqueIdentifier>
    </Filter>
    <Filter Include="Src\Application\BattleProcess\DrawProcess\StageData\Stage1">
      <UniqueIdentifier>{66ff8e3a-798a-4f65-bf98-ba1c98e091b7}</UniqueIdentifier>
    </Filter>
    <Filter Include="Src\Application\BattleProcess\DrawProcess\BattleStatusBarProcess">
      <UniqueIdentifier>{d011a686-b971-4562-a9b8-791904bb9b64}</UniqueIdentifier>
    </Filter>
    <Filter Include="Src\Application\BattleProcess\CalculateHP">
      <UniqueIdentifier>{ba147e47-b63e-44cc-93ec-6632d9d162db}</UniqueIdentifier>
    </Filter>
    <Filter Include="Src\Application\ImGuiManager">
      <UniqueIdentifier>{e96eef7b-c2b6-41b6-b018-699ec8e5e3e4}</UniqueIdentifier>
    </Filter>
    <Filter Include="Src\Application\Enemy">
      <UniqueIdentifier>{f684eaf4-95b5-4a35-a37e-0478f28e1a71}</UniqueIdentifier>
    </Filter>
    <Filter Include="Src\Application\Enemy\EnemyData">
      <UniqueIdentifier>{304fa9a8-b00f-4161-b2c2-348d5f75e218}</UniqueIdentifier>
    </Filter>
    <Filter Include="Src\Application\Enemy\EnemyData\FireCube">
      <UniqueIdentifier>{5f27a465-bff2-4022-a745-6d778a619104}</UniqueIdentifier>
    </Filter>
    <Filter Include="Src\Application\BattleProcess\CalculateSpeed">
      <UniqueIdentifier>{386954f6-591b-45fd-8b11-01ff64b32593}</UniqueIdentifier>
    </Filter>
    <Filter Include="Src\Application\Manumal\ManumalData\Raibit">
      <UniqueIdentifier>{bc8dc133-e800-4f06-b0f2-82bbc073069b}</UniqueIdentifier>
    </Filter>
    <Filter Include="Src\Application\Manumal\ManumalData\Pebrat">
      <UniqueIdentifier>{fa3c4a12-eb76-40ff-a34c-ab9b573338f4}</UniqueIdentifier>
    </Filter>
    <Filter Include="Src\Application\Enemy\EnemyData\Hinokokko">
      <UniqueIdentifier>{36ffc85d-1e72-4c63-8d15-d74ede8f6722}</UniqueIdentifier>
    </Filter>
    <Filter Include="Src\Application\BattleProcess\ManumalAttackCircle">
      <UniqueIdentifier>{73647e91-d202-4759-baaa-9fcca2a84810}</UniqueIdentifier>
    </Filter>
    <Filter Include="Src\Application\EnemyAttack">
      <UniqueIdentifier>{2cece0ed-5a1c-4508-ab7c-8de410ae8181}</UniqueIdentifier>
    </Filter>
    <Filter Include="Src\Application\EnemyAttack\EnemyAttackData">
      <UniqueIdentifier>{3d5aabee-ef3d-4dcd-9ee7-375c5fecf475}</UniqueIdentifier>
    </Filter>
    <Filter Include="Src\Application\EnemyAttack\EnemyAttackData\Explosion">
      <UniqueIdentifier>{a02aac84-f5e2-4593-925d-702e3a549cbb}</UniqueIdentifier>
    </Filter>
    <Filter Include="Src\Application\EnemyAttack\EnemyAttackData\BigExplosion">
      <UniqueIdentifier>{fae1ef61-3e96-4eb3-9b18-61e99b7a7733}</UniqueIdentifier>
    </Filter>
    <Filter Include="Src\Application\FriendshipCombo">
      <UniqueIdentifier>{c90c60fb-d546-4841-9dfe-78f3fad65931}</UniqueIdentifier>
    </Filter>
    <Filter Include="Src\Application\FriendshipCombo\FriendshipComboData">
      <UniqueIdentifier>{5546e4cf-2882-4155-8118-cee556351793}</UniqueIdentifier>
    </Filter>
    <Filter Include="Src\Application\FriendshipCombo\FriendshipComboData\FriendExplosion">
      <UniqueIdentifier>{adda39a9-0a9c-4577-8453-a77c034cae81}</UniqueIdentifier>
    </Filter>
    <Filter Include="Src\Application\FriendshipCombo\FriendshipComboData\FriendExplosion\FriendExplosion">
      <UniqueIdentifier>{97f9cd3c-040e-4e33-8851-525be60b823a}</UniqueIdentifier>
    </Filter>
    <Filter Include="Src\Application\Effect">
      <UniqueIdentifier>{fa22a1ed-0b27-4d43-9d97-b03a62988c57}</UniqueIdentifier>
    </Filter>
    <Filter Include="Src\Application\Effect\EffectData">
      <UniqueIdentifier>{5022703f-a637-4281-a5c6-8ec6b982efe0}</UniqueIdentifier>
    </Filter>
    <Filter Include="Src\Application\Effect\EffectData\Explosion">
      <UniqueIdentifier>{8ad871b9-ea03-4799-b535-81bb211f548d}</UniqueIdentifier>
    </Filter>
    <Filter Include="Src\Application\Effect\EffectData\ReflectWall">
      <UniqueIdentifier>{4a7ba200-2252-46fc-a69b-c921c41dee75}</UniqueIdentifier>
    </Filter>
  </ItemGroup>
  <ItemGroup>
    <ClInclude Include="src\Pch.h">
      <Filter>Src</Filter>
    </ClInclude>
    <ClInclude Include="..\Library\imgui\imconfig.h">
      <Filter>Library\imgui</Filter>
    </ClInclude>
    <ClInclude Include="..\Library\imgui\imgui.h">
      <Filter>Library\imgui</Filter>
    </ClInclude>
    <ClInclude Include="..\Library\imgui\imgui_impl_dx11.h">
      <Filter>Library\imgui</Filter>
    </ClInclude>
    <ClInclude Include="..\Library\imgui\imgui_impl_win32.h">
      <Filter>Library\imgui</Filter>
    </ClInclude>
    <ClInclude Include="..\Library\imgui\imgui_internal.h">
      <Filter>Library\imgui</Filter>
    </ClInclude>
    <ClInclude Include="..\Library\imgui\imstb_rectpack.h">
      <Filter>Library\imgui</Filter>
    </ClInclude>
    <ClInclude Include="..\Library\imgui\imstb_textedit.h">
      <Filter>Library\imgui</Filter>
    </ClInclude>
    <ClInclude Include="..\Library\imgui\imstb_truetype.h">
      <Filter>Library\imgui</Filter>
    </ClInclude>
    <ClInclude Include="..\Library\imgui\ja_glyph_ranges.h">
      <Filter>Library\imgui</Filter>
    </ClInclude>
    <ClInclude Include="..\Library\tinygltf\json.hpp">
      <Filter>Library\tinygltf</Filter>
    </ClInclude>
    <ClInclude Include="..\Library\tinygltf\stb_image.h">
      <Filter>Library\tinygltf</Filter>
    </ClInclude>
    <ClInclude Include="..\Library\tinygltf\stb_image_write.h">
      <Filter>Library\tinygltf</Filter>
    </ClInclude>
    <ClInclude Include="..\Library\tinygltf\tiny_gltf.h">
      <Filter>Library\tinygltf</Filter>
    </ClInclude>
    <ClInclude Include="src\System\Direct3D\KdDirect3D.h">
      <Filter>Src\System\Direct3D</Filter>
    </ClInclude>
    <ClInclude Include="src\System\Direct3D\KdModel.h">
      <Filter>Src\System\Direct3D</Filter>
    </ClInclude>
    <ClInclude Include="src\System\Direct3D\KdTexture.h">
      <Filter>Src\System\Direct3D</Filter>
    </ClInclude>
    <ClInclude Include="src\System\Direct3D\KdBuffer.h">
      <Filter>Src\System\Direct3D</Filter>
    </ClInclude>
    <ClInclude Include="Src\System\Direct3D\KdDirect3DHelper.h">
      <Filter>Src\System\Direct3D</Filter>
    </ClInclude>
    <ClInclude Include="Src\System\Audio\KdAudio.h">
      <Filter>Src\System\Audio</Filter>
    </ClInclude>
    <ClInclude Include="Src\System\Direct3D\KdGLTFLoader.h">
      <Filter>Src\System\Direct3D</Filter>
    </ClInclude>
    <ClInclude Include="Src\System\Shader\KdShaderManager.h">
      <Filter>Src\System\Shader</Filter>
    </ClInclude>
    <ClInclude Include="Src\System\Shader\EffectShader\KdEffectShader.h">
      <Filter>Src\System\Shader\EffectShader</Filter>
    </ClInclude>
    <ClInclude Include="Src\System\Shader\SpriteShader\KdSpriteShader.h">
      <Filter>Src\System\Shader\SpriteShader</Filter>
    </ClInclude>
    <ClInclude Include="Src\System\Shader\StandardShader\KdStandardShader.h">
      <Filter>Src\System\Shader\StandardShader</Filter>
    </ClInclude>
    <ClInclude Include="src\System\Utility\KdUtility.h">
      <Filter>Src\System\Utility</Filter>
    </ClInclude>
    <ClInclude Include="src\System\Window\KdGameWindow.h">
      <Filter>Src\System\Window</Filter>
    </ClInclude>
    <ClInclude Include="src\System\KdSystem.h">
      <Filter>Src\System</Filter>
    </ClInclude>
    <ClInclude Include="..\Library\strconv.h">
      <Filter>Library</Filter>
    </ClInclude>
    <ClInclude Include="Src\Application\main.h">
      <Filter>Src\Application\main</Filter>
    </ClInclude>
    <ClInclude Include="Src\Application\Scene.h">
      <Filter>Src\Application\Scene</Filter>
    </ClInclude>
    <ClInclude Include="Src\Application\SceneBase\BattleScene\BattleScene.h">
      <Filter>Src\Application\SceneBase\BattleScene</Filter>
    </ClInclude>
    <ClInclude Include="Src\Application\Headers.h">
      <Filter>Src\Application</Filter>
    </ClInclude>
    <ClInclude Include="Src\Application\UniqueLibrary\UniqueLibrary.h">
      <Filter>Src\Application\UniqueLibrary</Filter>
    </ClInclude>
    <ClInclude Include="Src\Application\SceneBase\SceneBase.h">
      <Filter>Src\Application\SceneBase</Filter>
    </ClInclude>
    <ClInclude Include="Src\Application\ManumalStrikeNamespace.h">
      <Filter>Src\Application</Filter>
    </ClInclude>
    <ClInclude Include="Src\Application\TextureManager\TextureManager.h">
      <Filter>Src\Application\TextureManager</Filter>
    </ClInclude>
    <ClInclude Include="Src\Application\BattleProcess\ReflectorProcess\ReflectorProcess.h">
      <Filter>Src\Application\BattleProcess\ReflectorProcess</Filter>
    </ClInclude>
    <ClInclude Include="Src\Application\EffectManager\EffectManager.h">
      <Filter>Src\Application\EffectManager</Filter>
    </ClInclude>
    <ClInclude Include="Src\Application\Manumal\ManumalBase.h">
      <Filter>Src\Application\Manumal</Filter>
    </ClInclude>
    <ClInclude Include="Src\Application\Manumal\Morumon.h">
      <Filter>Src\Application\Manumal\ManumalData\Morumon</Filter>
    </ClInclude>
    <ClInclude Include="Src\Application\Mouse\MouseProcess.h">
      <Filter>Src\Application\MouseProcess</Filter>
    </ClInclude>
    <ClInclude Include="Src\Application\BattleProcess\FirstShotProcess\FirstShotProcess.h">
      <Filter>Src\Application\BattleProcess\FirstShotProcess</Filter>
    </ClInclude>
    <ClInclude Include="Src\Application\BattleProcess\HitManumalReflectorProcess\HitManumalReflectorProcess.h">
      <Filter>Src\Application\BattleProcess\HitManumalReflectorProcess</Filter>
    </ClInclude>
    <ClInclude Include="Src\Application\BattleProcess\HitManumalwallProcess\HitManumalwallProcess.h">
      <Filter>Src\Application\BattleProcess\HitManumalwallProcess</Filter>
    </ClInclude>
    <ClInclude Include="Src\Application\BattleProcess\ManumalMutualCollision\ManumalMutualCollision.h">
      <Filter>Src\Application\BattleProcess\ManumalMutualCollision</Filter>
    </ClInclude>
    <ClInclude Include="Src\Application\BattleProcess\ManumalEnemyCollison\ManumalEnemyCollison.h">
      <Filter>Src\Application\BattleProcess\ManumalEnemyCollison</Filter>
    </ClInclude>
    <ClInclude Include="Src\Application\BattleProcess\StageDrawProcess\StageDataBase\Stage1\Stage1.h">
      <Filter>Src\Application\BattleProcess\DrawProcess\StageData\Stage1</Filter>
    </ClInclude>
    <ClInclude Include="Src\Application\BattleProcess\DrawProcess\DrawProcess.h">
      <Filter>Src\Application\BattleProcess\DrawProcess</Filter>
    </ClInclude>
    <ClInclude Include="Src\Application\BattleProcess\DrawProcess\StageDataBase\StageDataBase.h">
      <Filter>Src\Application\BattleProcess\DrawProcess\StageData</Filter>
    </ClInclude>
    <ClInclude Include="Src\Application\BattleProcess\DrawProcess\BattleStatusBarProcess\BattleStatusBarProcess.h">
      <Filter>Src\Application\BattleProcess\DrawProcess\BattleStatusBarProcess</Filter>
    </ClInclude>
    <ClInclude Include="Src\Application\BattleProcess\CalculateHP\CalculateHP.h">
      <Filter>Src\Application\BattleProcess\CalculateHP</Filter>
    </ClInclude>
    <ClInclude Include="Src\Application\ImGuiManager\ImGuiManager.h">
      <Filter>Src\Application\ImGuiManager</Filter>
    </ClInclude>
    <ClInclude Include="Src\Application\Enemy\EnemyBase.h">
      <Filter>Src\Application\Enemy</Filter>
    </ClInclude>
    <ClInclude Include="Src\Application\Enemy\FireCube.h">
      <Filter>Src\Application\Enemy\EnemyData\FireCube</Filter>
    </ClInclude>
    <ClInclude Include="Src\Application\BattleProcess\CalculateSpeed\CalculateSpeed.h">
      <Filter>Src\Application\BattleProcess\CalculateSpeed</Filter>
    </ClInclude>
    <ClInclude Include="Src\Application\Manumal\Pebrat.h">
      <Filter>Src\Application\Manumal\ManumalData\Pebrat</Filter>
    </ClInclude>
    <ClInclude Include="Src\Application\Manumal\Raibit.h">
      <Filter>Src\Application\Manumal\ManumalData\Raibit</Filter>
    </ClInclude>
    <ClInclude Include="Src\Application\BattleProcess\ManumalAttackCircle\ManumalAttackCircle.h">
      <Filter>Src\Application\BattleProcess\ManumalAttackCircle</Filter>
    </ClInclude>
    <ClInclude Include="Src\Application\Enemy\Hinokokko.h">
      <Filter>Src\Application\Enemy\EnemyData\Hinokokko</Filter>
    </ClInclude>
    <ClInclude Include="Src\Application\EnemyAttack\Explosion.h">
      <Filter>Src\Application\EnemyAttack\EnemyAttackData\Explosion</Filter>
    </ClInclude>
    <ClInclude Include="Src\Application\EnemyAttack\EnemyAttackBase.h">
      <Filter>Src\Application\EnemyAttack\EnemyAttackData</Filter>
    </ClInclude>
    <ClInclude Include="Src\Application\EnemyAttack\BigExplosion.h">
      <Filter>Src\Application\EnemyAttack\EnemyAttackData\BigExplosion</Filter>
    </ClInclude>
    <ClInclude Include="Src\Application\FriendshipCombo\FriendshipComboBase.h">
      <Filter>Src\Application\FriendshipCombo</Filter>
    </ClInclude>
    <ClInclude Include="Src\Application\FriendshipCombo\FriendExplosion.h">
      <Filter>Src\Application\FriendshipCombo\FriendshipComboData\FriendExplosion\FriendExplosion</Filter>
    </ClInclude>
    <ClInclude Include="Src\Application\Effect\EffectBase.h">
      <Filter>Src\Application\Effect</Filter>
    </ClInclude>
    <ClInclude Include="Src\Application\Effect\ExplosionEffect.h">
      <Filter>Src\Application\Effect\EffectData\Explosion</Filter>
    </ClInclude>
    <ClInclude Include="Src\Application\Effect\ReflectWallEffect.h">
      <Filter>Src\Application\Effect\EffectData\ReflectWall</Filter>
    </ClInclude>
  </ItemGroup>
  <ItemGroup>
    <ClCompile Include="src\Pch.cpp">
      <Filter>Src</Filter>
    </ClCompile>
    <ClCompile Include="..\Library\imgui\imgui.cpp">
      <Filter>Library\imgui</Filter>
    </ClCompile>
    <ClCompile Include="..\Library\imgui\imgui_demo.cpp">
      <Filter>Library\imgui</Filter>
    </ClCompile>
    <ClCompile Include="..\Library\imgui\imgui_draw.cpp">
      <Filter>Library\imgui</Filter>
    </ClCompile>
    <ClCompile Include="..\Library\imgui\imgui_impl_dx11.cpp">
      <Filter>Library\imgui</Filter>
    </ClCompile>
    <ClCompile Include="..\Library\imgui\imgui_impl_win32.cpp">
      <Filter>Library\imgui</Filter>
    </ClCompile>
    <ClCompile Include="..\Library\imgui\imgui_widgets.cpp">
      <Filter>Library\imgui</Filter>
    </ClCompile>
    <ClCompile Include="src\System\Direct3D\KdDirect3D.cpp">
      <Filter>Src\System\Direct3D</Filter>
    </ClCompile>
    <ClCompile Include="src\System\Direct3D\KdModel.cpp">
      <Filter>Src\System\Direct3D</Filter>
    </ClCompile>
    <ClCompile Include="src\System\Direct3D\KdTexture.cpp">
      <Filter>Src\System\Direct3D</Filter>
    </ClCompile>
    <ClCompile Include="src\System\Direct3D\KdBuffer.cpp">
      <Filter>Src\System\Direct3D</Filter>
    </ClCompile>
    <ClCompile Include="Src\System\Direct3D\KdDirect3DHelper.cpp">
      <Filter>Src\System\Direct3D</Filter>
    </ClCompile>
    <ClCompile Include="Src\System\Audio\KdAudio.cpp">
      <Filter>Src\System\Audio</Filter>
    </ClCompile>
    <ClCompile Include="Src\System\Direct3D\KdGLTFLoader.cpp">
      <Filter>Src\System\Direct3D</Filter>
    </ClCompile>
    <ClCompile Include="Src\System\Shader\KdShaderManager.cpp">
      <Filter>Src\System\Shader</Filter>
    </ClCompile>
    <ClCompile Include="Src\System\Shader\EffectShader\KdEffectShader.cpp">
      <Filter>Src\System\Shader\EffectShader</Filter>
    </ClCompile>
    <ClCompile Include="Src\System\Shader\SpriteShader\KdSpriteShader.cpp">
      <Filter>Src\System\Shader\SpriteShader</Filter>
    </ClCompile>
    <ClCompile Include="Src\System\Shader\StandardShader\KdStandardShader.cpp">
      <Filter>Src\System\Shader\StandardShader</Filter>
    </ClCompile>
    <ClCompile Include="src\System\Window\KdGameWindow.cpp">
      <Filter>Src\System\Window</Filter>
    </ClCompile>
    <ClCompile Include="Src\Application\main.cpp">
      <Filter>Src\Application\main</Filter>
    </ClCompile>
    <ClCompile Include="Src\Application\Scene.cpp">
      <Filter>Src\Application\Scene</Filter>
    </ClCompile>
    <ClCompile Include="Src\Application\SceneBase\BattleScene\BattleScene.cpp">
      <Filter>Src\Application\SceneBase\BattleScene</Filter>
    </ClCompile>
    <ClCompile Include="Src\Application\UniqueLibrary\UniqueLibrary.cpp">
      <Filter>Src\Application\UniqueLibrary</Filter>
    </ClCompile>
    <ClCompile Include="Src\Application\SceneBase\SceneBase.cpp">
      <Filter>Src\Application\SceneBase</Filter>
    </ClCompile>
    <ClCompile Include="Src\Application\TextureManager\TextureManager.cpp">
      <Filter>Src\Application\TextureManager</Filter>
    </ClCompile>
    <ClCompile Include="Src\Application\BattleProcess\ReflectorProcess\ReflectorProcess.cpp">
      <Filter>Src\Application\BattleProcess\ReflectorProcess</Filter>
    </ClCompile>
    <ClCompile Include="Src\Application\EffectManager\EffectManager.cpp">
      <Filter>Src\Application\EffectManager</Filter>
    </ClCompile>
    <ClCompile Include="Src\Application\Manumal\ManumalBase.cpp">
      <Filter>Src\Application\Manumal</Filter>
    </ClCompile>
    <ClCompile Include="Src\Application\Manumal\Morumon.cpp">
      <Filter>Src\Application\Manumal\ManumalData\Morumon</Filter>
    </ClCompile>
    <ClCompile Include="Src\Application\Mouse\MouseProcess.cpp">
      <Filter>Src\Application\MouseProcess</Filter>
    </ClCompile>
    <ClCompile Include="Src\Application\BattleProcess\FirstShotProcess\FirstShotProcess.cpp">
      <Filter>Src\Application\BattleProcess\FirstShotProcess</Filter>
    </ClCompile>
    <ClCompile Include="Src\Application\BattleProcess\HitManumalReflectorProcess\HitManumalReflectorProcess.cpp">
      <Filter>Src\Application\BattleProcess\HitManumalReflectorProcess</Filter>
    </ClCompile>
    <ClCompile Include="Src\Application\BattleProcess\HitManumalwallProcess\HitManumalwallProcess.cpp">
      <Filter>Src\Application\BattleProcess\HitManumalwallProcess</Filter>
    </ClCompile>
    <ClCompile Include="Src\Application\BattleProcess\ManumalMutualCollision\ManumalMutualCollision.cpp">
      <Filter>Src\Application\BattleProcess\ManumalMutualCollision</Filter>
    </ClCompile>
    <ClCompile Include="Src\Application\BattleProcess\ManumalEnemyCollison\ManumalEnemyCollison.cpp">
      <Filter>Src\Application\BattleProcess\ManumalEnemyCollison</Filter>
    </ClCompile>
    <ClCompile Include="Src\Application\BattleProcess\StageDrawProcess\StageDataBase\Stage1\Stage1.cpp">
      <Filter>Src\Application\BattleProcess\DrawProcess\StageData\Stage1</Filter>
    </ClCompile>
    <ClCompile Include="Src\Application\BattleProcess\DrawProcess\DrawProcess.cpp">
      <Filter>Src\Application\BattleProcess\DrawProcess</Filter>
    </ClCompile>
    <ClCompile Include="Src\Application\BattleProcess\StageDrawProcess\StageDataBase\StageDataBase.cpp">
      <Filter>Src\Application\BattleProcess\DrawProcess\StageData</Filter>
    </ClCompile>
    <ClCompile Include="Src\Application\BattleProcess\DrawProcess\BattleStatusBarProcess\BattleStatusBarProcess.cpp">
      <Filter>Src\Application\BattleProcess\DrawProcess\BattleStatusBarProcess</Filter>
    </ClCompile>
    <ClCompile Include="Src\Application\BattleProcess\CalculateHP\CalculateHP.cpp">
      <Filter>Src\Application\BattleProcess\CalculateHP</Filter>
    </ClCompile>
    <ClCompile Include="Src\Application\ImGuiManager\ImGuiManager.cpp">
      <Filter>Src\Application\ImGuiManager</Filter>
    </ClCompile>
    <ClCompile Include="Src\Application\Enemy\EnemyBase.cpp">
      <Filter>Src\Application\Enemy</Filter>
    </ClCompile>
    <ClCompile Include="Src\Application\Enemy\FireCube.cpp">
      <Filter>Src\Application\Enemy\EnemyData\FireCube</Filter>
    </ClCompile>
    <ClCompile Include="Src\Application\BattleProcess\CalculateSpeed\CalculateSpeed.cpp">
      <Filter>Src\Application\BattleProcess\CalculateSpeed</Filter>
    </ClCompile>
    <ClCompile Include="Src\Application\Manumal\Pebrat.cpp">
      <Filter>Src\Application\Manumal\ManumalData\Pebrat</Filter>
    </ClCompile>
    <ClCompile Include="Src\Application\Manumal\Raibit.cpp">
      <Filter>Src\Application\Manumal\ManumalData\Raibit</Filter>
    </ClCompile>
    <ClCompile Include="Src\Application\BattleProcess\ManumalAttackCircle\ManumalAttackCircle.cpp">
      <Filter>Src\Application\BattleProcess\ManumalAttackCircle</Filter>
    </ClCompile>
    <ClCompile Include="Src\Application\Enemy\Hinokokko.cpp">
      <Filter>Src\Application\Enemy\EnemyData\Hinokokko</Filter>
    </ClCompile>
    <ClCompile Include="Src\Application\EnemyAttack\Explosion.cpp">
      <Filter>Src\Application\EnemyAttack\EnemyAttackData\Explosion</Filter>
    </ClCompile>
    <ClCompile Include="Src\Application\EnemyAttack\EnemyAttackBase.cpp">
      <Filter>Src\Application\EnemyAttack\EnemyAttackData</Filter>
    </ClCompile>
    <ClCompile Include="Src\Application\EnemyAttack\BigExplosion.cpp">
      <Filter>Src\Application\EnemyAttack\EnemyAttackData\BigExplosion</Filter>
    </ClCompile>
    <ClCompile Include="Src\Application\FriendshipCombo\FriendshipComboBase.cpp">
      <Filter>Src\Application\FriendshipCombo</Filter>
    </ClCompile>
    <ClCompile Include="Src\Application\FriendshipCombo\FriendExplosion.cpp">
      <Filter>Src\Application\FriendshipCombo\FriendshipComboData\FriendExplosion\FriendExplosion</Filter>
    </ClCompile>
    <ClCompile Include="Src\Application\Effect\EffectBase.cpp">
      <Filter>Src\Application\Effect</Filter>
    </ClCompile>
    <ClCompile Include="Src\Application\Effect\ExplosionEffect.cpp">
      <Filter>Src\Application\Effect\EffectData\Explosion</Filter>
    </ClCompile>
    <ClCompile Include="Src\Application\Effect\ReflectWallEffect.cpp">
      <Filter>Src\Application\Effect\EffectData\ReflectWall</Filter>
    </ClCompile>
  </ItemGroup>
  <ItemGroup>
    <Text Include="説明.txt" />
  </ItemGroup>
  <ItemGroup>
    <None Include="Src\System\Shader\EffectShader\inc_KdEffectShader.hlsli">
      <Filter>Src\System\Shader\EffectShader</Filter>
    </None>
    <None Include="Src\System\Shader\inc_KdCommon.hlsli">
      <Filter>Src\System\Shader</Filter>
    </None>
    <None Include="Src\System\Shader\SpriteShader\inc_KdSpriteShader.hlsli">
      <Filter>Src\System\Shader\SpriteShader</Filter>
    </None>
    <None Include="Src\System\Shader\StandardShader\inc_KdStandardShader.hlsli">
      <Filter>Src\System\Shader\StandardShader</Filter>
    </None>
  </ItemGroup>
  <ItemGroup>
    <FxCompile Include="Src\System\Shader\EffectShader\KdEffectShader_PS.hlsl">
      <Filter>Src\System\Shader\EffectShader</Filter>
    </FxCompile>
    <FxCompile Include="Src\System\Shader\EffectShader\KdEffectShader_VS.hlsl">
      <Filter>Src\System\Shader\EffectShader</Filter>
    </FxCompile>
    <FxCompile Include="Src\System\Shader\SpriteShader\KdSpriteShader_PS.hlsl">
      <Filter>Src\System\Shader\SpriteShader</Filter>
    </FxCompile>
    <FxCompile Include="Src\System\Shader\SpriteShader\KdSpriteShader_VS.hlsl">
      <Filter>Src\System\Shader\SpriteShader</Filter>
    </FxCompile>
    <FxCompile Include="Src\System\Shader\StandardShader\KdStandardShader_PS.hlsl">
      <Filter>Src\System\Shader\StandardShader</Filter>
    </FxCompile>
    <FxCompile Include="Src\System\Shader\StandardShader\KdStandardShader_VS.hlsl">
      <Filter>Src\System\Shader\StandardShader</Filter>
    </FxCompile>
  </ItemGroup>
</Project>